// !$*UTF8*$!
{
	archiveVersion = 1;
	classes = {
	};
	objectVersion = 56;
	objects = {

/* Begin PBXBuildFile section */
		80740D6C29E74A51005435BB /* AppDelegate.swift in Sources */ = {isa = PBXBuildFile; fileRef = 80740D6B29E74A51005435BB /* AppDelegate.swift */; };
		80740D6E29E74A51005435BB /* SceneDelegate.swift in Sources */ = {isa = PBXBuildFile; fileRef = 80740D6D29E74A51005435BB /* SceneDelegate.swift */; };
		80740D7329E74A51005435BB /* Main.storyboard in Resources */ = {isa = PBXBuildFile; fileRef = 80740D7129E74A51005435BB /* Main.storyboard */; };
		80740D7529E74A52005435BB /* Assets.xcassets in Resources */ = {isa = PBXBuildFile; fileRef = 80740D7429E74A52005435BB /* Assets.xcassets */; };
		80740D7829E74A52005435BB /* LaunchScreen.storyboard in Resources */ = {isa = PBXBuildFile; fileRef = 80740D7629E74A52005435BB /* LaunchScreen.storyboard */; };
		80740D8529E74A92005435BB /* MovieResult.swift in Sources */ = {isa = PBXBuildFile; fileRef = 80740D7F29E74A91005435BB /* MovieResult.swift */; };
		80740D8629E74A92005435BB /* MovieResultsCell.swift in Sources */ = {isa = PBXBuildFile; fileRef = 80740D8029E74A91005435BB /* MovieResultsCell.swift */; };
		80740D8729E74A92005435BB /* MovieDetailViewController.swift in Sources */ = {isa = PBXBuildFile; fileRef = 80740D8129E74A91005435BB /* MovieDetailViewController.swift */; };
		80740D8829E74A92005435BB /* SceneDelegate.swift in Sources */ = {isa = PBXBuildFile; fileRef = 80740D8229E74A91005435BB /* SceneDelegate.swift */; };
		80740D8929E74A92005435BB /* SearchResultsViewController.swift in Sources */ = {isa = PBXBuildFile; fileRef = 80740D8329E74A91005435BB /* SearchResultsViewController.swift */; };
		80740D8A29E74A92005435BB /* SearchViewController.swift in Sources */ = {isa = PBXBuildFile; fileRef = 80740D8429E74A92005435BB /* SearchViewController.swift */; };
/* End PBXBuildFile section */

/* Begin PBXFileReference section */
		80740D6829E74A51005435BB /* OMDB Search.app */ = {isa = PBXFileReference; explicitFileType = wrapper.application; includeInIndex = 0; path = "OMDB Search.app"; sourceTree = BUILT_PRODUCTS_DIR; };
		80740D6B29E74A51005435BB /* AppDelegate.swift */ = {isa = PBXFileReference; lastKnownFileType = sourcecode.swift; path = AppDelegate.swift; sourceTree = "<group>"; };
		80740D6D29E74A51005435BB /* SceneDelegate.swift */ = {isa = PBXFileReference; lastKnownFileType = sourcecode.swift; path = SceneDelegate.swift; sourceTree = "<group>"; };
		80740D7229E74A51005435BB /* Base */ = {isa = PBXFileReference; lastKnownFileType = file.storyboard; name = Base; path = Base.lproj/Main.storyboard; sourceTree = "<group>"; };
		80740D7429E74A52005435BB /* Assets.xcassets */ = {isa = PBXFileReference; lastKnownFileType = folder.assetcatalog; path = Assets.xcassets; sourceTree = "<group>"; };
		80740D7729E74A52005435BB /* Base */ = {isa = PBXFileReference; lastKnownFileType = file.storyboard; name = Base; path = Base.lproj/LaunchScreen.storyboard; sourceTree = "<group>"; };
		80740D7929E74A52005435BB /* Info.plist */ = {isa = PBXFileReference; lastKnownFileType = text.plist.xml; path = Info.plist; sourceTree = "<group>"; };
		80740D7F29E74A91005435BB /* MovieResult.swift */ = {isa = PBXFileReference; fileEncoding = 4; lastKnownFileType = sourcecode.swift; path = MovieResult.swift; sourceTree = "<group>"; };
		80740D8029E74A91005435BB /* MovieResultsCell.swift */ = {isa = PBXFileReference; fileEncoding = 4; lastKnownFileType = sourcecode.swift; path = MovieResultsCell.swift; sourceTree = "<group>"; };
		80740D8129E74A91005435BB /* MovieDetailViewController.swift */ = {isa = PBXFileReference; fileEncoding = 4; lastKnownFileType = sourcecode.swift; path = MovieDetailViewController.swift; sourceTree = "<group>"; };
		80740D8229E74A91005435BB /* SceneDelegate.swift */ = {isa = PBXFileReference; fileEncoding = 4; lastKnownFileType = sourcecode.swift; path = SceneDelegate.swift; sourceTree = "<group>"; };
		80740D8329E74A91005435BB /* SearchResultsViewController.swift */ = {isa = PBXFileReference; fileEncoding = 4; lastKnownFileType = sourcecode.swift; path = SearchResultsViewController.swift; sourceTree = "<group>"; };
		80740D8429E74A92005435BB /* SearchViewController.swift */ = {isa = PBXFileReference; fileEncoding = 4; lastKnownFileType = sourcecode.swift; path = SearchViewController.swift; sourceTree = "<group>"; };
/* End PBXFileReference section */

/* Begin PBXFrameworksBuildPhase section */
		80740D6529E74A51005435BB /* Frameworks */ = {
			isa = PBXFrameworksBuildPhase;
			buildActionMask = 2147483647;
			files = (
			);
			runOnlyForDeploymentPostprocessing = 0;
		};
/* End PBXFrameworksBuildPhase section */

/* Begin PBXGroup section */
		80740D5F29E74A51005435BB = {
			isa = PBXGroup;
			children = (
				80740D6A29E74A51005435BB /* OMDB Search */,
				80740D6929E74A51005435BB /* Products */,
			);
			sourceTree = "<group>";
		};
		80740D6929E74A51005435BB /* Products */ = {
			isa = PBXGroup;
			children = (
				80740D6829E74A51005435BB /* OMDB Search.app */,
			);
			name = Products;
			sourceTree = "<group>";
		};
		80740D6A29E74A51005435BB /* OMDB Search */ = {
			isa = PBXGroup;
			children = (
				80740D6B29E74A51005435BB /* AppDelegate.swift */,
				80740D6D29E74A51005435BB /* SceneDelegate.swift */,
				80740D8329E74A91005435BB /* SearchResultsViewController.swift */,
				80740D8429E74A92005435BB /* SearchViewController.swift */,
				80740D7129E74A51005435BB /* Main.storyboard */,
				80740D7429E74A52005435BB /* Assets.xcassets */,
				80740D7629E74A52005435BB /* LaunchScreen.storyboard */,
				80740D7929E74A52005435BB /* Info.plist */,
				80740D8129E74A91005435BB /* MovieDetailViewController.swift */,
				80740D7F29E74A91005435BB /* MovieResult.swift */,
				80740D8029E74A91005435BB /* MovieResultsCell.swift */,
				80740D8229E74A91005435BB /* SceneDelegate.swift */,
			);
			path = "OMDB Search";
			sourceTree = "<group>";
		};
/* End PBXGroup section */

/* Begin PBXNativeTarget section */
		80740D6729E74A51005435BB /* OMDB Search */ = {
			isa = PBXNativeTarget;
			buildConfigurationList = 80740D7C29E74A52005435BB /* Build configuration list for PBXNativeTarget "OMDB Search" */;
			buildPhases = (
				80740D6429E74A51005435BB /* Sources */,
				80740D6529E74A51005435BB /* Frameworks */,
				80740D6629E74A51005435BB /* Resources */,
			);
			buildRules = (
			);
			dependencies = (
			);
			name = "OMDB Search";
			productName = "OMDB Search";
			productReference = 80740D6829E74A51005435BB /* OMDB Search.app */;
			productType = "com.apple.product-type.application";
		};
/* End PBXNativeTarget section */

/* Begin PBXProject section */
		80740D6029E74A51005435BB /* Project object */ = {
			isa = PBXProject;
			attributes = {
				BuildIndependentTargetsInParallel = 1;
				LastSwiftUpdateCheck = 1420;
				LastUpgradeCheck = 1420;
				TargetAttributes = {
					80740D6729E74A51005435BB = {
						CreatedOnToolsVersion = 14.2;
					};
				};
			};
			buildConfigurationList = 80740D6329E74A51005435BB /* Build configuration list for PBXProject "OMDB Search" */;
			compatibilityVersion = "Xcode 14.0";
			developmentRegion = en;
			hasScannedForEncodings = 0;
			knownRegions = (
				en,
				Base,
			);
			mainGroup = 80740D5F29E74A51005435BB;
			productRefGroup = 80740D6929E74A51005435BB /* Products */;
			projectDirPath = "";
			projectRoot = "";
			targets = (
				80740D6729E74A51005435BB /* OMDB Search */,
			);
		};
/* End PBXProject section */

/* Begin PBXResourcesBuildPhase section */
		80740D6629E74A51005435BB /* Resources */ = {
			isa = PBXResourcesBuildPhase;
			buildActionMask = 2147483647;
			files = (
				80740D7829E74A52005435BB /* LaunchScreen.storyboard in Resources */,
				80740D7529E74A52005435BB /* Assets.xcassets in Resources */,
				80740D7329E74A51005435BB /* Main.storyboard in Resources */,
			);
			runOnlyForDeploymentPostprocessing = 0;
		};
/* End PBXResourcesBuildPhase section */

/* Begin PBXSourcesBuildPhase section */
		80740D6429E74A51005435BB /* Sources */ = {
			isa = PBXSourcesBuildPhase;
			buildActionMask = 2147483647;
			files = (
				80740D6C29E74A51005435BB /* AppDelegate.swift in Sources */,
				80740D8729E74A92005435BB /* MovieDetailViewController.swift in Sources */,
				80740D8A29E74A92005435BB /* SearchViewController.swift in Sources */,
				80740D8529E74A92005435BB /* MovieResult.swift in Sources */,
				80740D6E29E74A51005435BB /* SceneDelegate.swift in Sources */,
				80740D8629E74A92005435BB /* MovieResultsCell.swift in Sources */,
				80740D8929E74A92005435BB /* SearchResultsViewController.swift in Sources */,
				80740D8829E74A92005435BB /* SceneDelegate.swift in Sources */,
			);
			runOnlyForDeploymentPostprocessing = 0;
		};
/* End PBXSourcesBuildPhase section */

/* Begin PBXVariantGroup section */
		80740D7129E74A51005435BB /* Main.storyboard */ = {
			isa = PBXVariantGroup;
			children = (
				80740D7229E74A51005435BB /* Base */,
			);
			name = Main.storyboard;
			sourceTree = "<group>";
		};
		80740D7629E74A52005435BB /* LaunchScreen.storyboard */ = {
			isa = PBXVariantGroup;
			children = (
				80740D7729E74A52005435BB /* Base */,
			);
			name = LaunchScreen.storyboard;
			sourceTree = "<group>";
		};
/* End PBXVariantGroup section */

/* Begin XCBuildConfiguration section */
		80740D7A29E74A52005435BB /* Debug */ = {
			isa = XCBuildConfiguration;
			buildSettings = {
				ALWAYS_SEARCH_USER_PATHS = NO;
				CLANG_ANALYZER_NONNULL = YES;
				CLANG_ANALYZER_NUMBER_OBJECT_CONVERSION = YES_AGGRESSIVE;
				CLANG_CXX_LANGUAGE_STANDARD = "gnu++20";
				CLANG_ENABLE_MODULES = YES;
				CLANG_ENABLE_OBJC_ARC = YES;
				CLANG_ENABLE_OBJC_WEAK = YES;
				CLANG_WARN_BLOCK_CAPTURE_AUTORELEASING = YES;
				CLANG_WARN_BOOL_CONVERSION = YES;
				CLANG_WARN_COMMA = YES;
				CLANG_WARN_CONSTANT_CONVERSION = YES;
				CLANG_WARN_DEPRECATED_OBJC_IMPLEMENTATIONS = YES;
				CLANG_WARN_DIRECT_OBJC_ISA_USAGE = YES_ERROR;
				CLANG_WARN_DOCUMENTATION_COMMENTS = YES;
				CLANG_WARN_EMPTY_BODY = YES;
				CLANG_WARN_ENUM_CONVERSION = YES;
				CLANG_WARN_INFINITE_RECURSION = YES;
				CLANG_WARN_INT_CONVERSION = YES;
				CLANG_WARN_NON_LITERAL_NULL_CONVERSION = YES;
				CLANG_WARN_OBJC_IMPLICIT_RETAIN_SELF = YES;
				CLANG_WARN_OBJC_LITERAL_CONVERSION = YES;
				CLANG_WARN_OBJC_ROOT_CLASS = YES_ERROR;
				CLANG_WARN_QUOTED_INCLUDE_IN_FRAMEWORK_HEADER = YES;
				CLANG_WARN_RANGE_LOOP_ANALYSIS = YES;
				CLANG_WARN_STRICT_PROTOTYPES = YES;
				CLANG_WARN_SUSPICIOUS_MOVE = YES;
				CLANG_WARN_UNGUARDED_AVAILABILITY = YES_AGGRESSIVE;
				CLANG_WARN_UNREACHABLE_CODE = YES;
				CLANG_WARN__DUPLICATE_METHOD_MATCH = YES;
				COPY_PHASE_STRIP = NO;
				DEBUG_INFORMATION_FORMAT = dwarf;
				ENABLE_STRICT_OBJC_MSGSEND = YES;
				ENABLE_TESTABILITY = YES;
				GCC_C_LANGUAGE_STANDARD = gnu11;
				GCC_DYNAMIC_NO_PIC = NO;
				GCC_NO_COMMON_BLOCKS = YES;
				GCC_OPTIMIZATION_LEVEL = 0;
				GCC_PREPROCESSOR_DEFINITIONS = (
					"DEBUG=1",
					"$(inherited)",
				);
				GCC_WARN_64_TO_32_BIT_CONVERSION = YES;
				GCC_WARN_ABOUT_RETURN_TYPE = YES_ERROR;
				GCC_WARN_UNDECLARED_SELECTOR = YES;
				GCC_WARN_UNINITIALIZED_AUTOS = YES_AGGRESSIVE;
				GCC_WARN_UNUSED_FUNCTION = YES;
				GCC_WARN_UNUSED_VARIABLE = YES;
				IPHONEOS_DEPLOYMENT_TARGET = 16.2;
				MTL_ENABLE_DEBUG_INFO = INCLUDE_SOURCE;
				MTL_FAST_MATH = YES;
				ONLY_ACTIVE_ARCH = YES;
				SDKROOT = iphoneos;
				SWIFT_ACTIVE_COMPILATION_CONDITIONS = DEBUG;
				SWIFT_OPTIMIZATION_LEVEL = "-Onone";
			};
			name = Debug;
		};
		80740D7B29E74A52005435BB /* Release */ = {
			isa = XCBuildConfiguration;
			buildSettings = {
				ALWAYS_SEARCH_USER_PATHS = NO;
				CLANG_ANALYZER_NONNULL = YES;
				CLANG_ANALYZER_NUMBER_OBJECT_CONVERSION = YES_AGGRESSIVE;
				CLANG_CXX_LANGUAGE_STANDARD = "gnu++20";
				CLANG_ENABLE_MODULES = YES;
				CLANG_ENABLE_OBJC_ARC = YES;
				CLANG_ENABLE_OBJC_WEAK = YES;
				CLANG_WARN_BLOCK_CAPTURE_AUTORELEASING = YES;
				CLANG_WARN_BOOL_CONVERSION = YES;
				CLANG_WARN_COMMA = YES;
				CLANG_WARN_CONSTANT_CONVERSION = YES;
				CLANG_WARN_DEPRECATED_OBJC_IMPLEMENTATIONS = YES;
				CLANG_WARN_DIRECT_OBJC_ISA_USAGE = YES_ERROR;
				CLANG_WARN_DOCUMENTATION_COMMENTS = YES;
				CLANG_WARN_EMPTY_BODY = YES;
				CLANG_WARN_ENUM_CONVERSION = YES;
				CLANG_WARN_INFINITE_RECURSION = YES;
				CLANG_WARN_INT_CONVERSION = YES;
				CLANG_WARN_NON_LITERAL_NULL_CONVERSION = YES;
				CLANG_WARN_OBJC_IMPLICIT_RETAIN_SELF = YES;
				CLANG_WARN_OBJC_LITERAL_CONVERSION = YES;
				CLANG_WARN_OBJC_ROOT_CLASS = YES_ERROR;
				CLANG_WARN_QUOTED_INCLUDE_IN_FRAMEWORK_HEADER = YES;
				CLANG_WARN_RANGE_LOOP_ANALYSIS = YES;
				CLANG_WARN_STRICT_PROTOTYPES = YES;
				CLANG_WARN_SUSPICIOUS_MOVE = YES;
				CLANG_WARN_UNGUARDED_AVAILABILITY = YES_AGGRESSIVE;
				CLANG_WARN_UNREACHABLE_CODE = YES;
				CLANG_WARN__DUPLICATE_METHOD_MATCH = YES;
				COPY_PHASE_STRIP = NO;
				DEBUG_INFORMATION_FORMAT = "dwarf-with-dsym";
				ENABLE_NS_ASSERTIONS = NO;
				ENABLE_STRICT_OBJC_MSGSEND = YES;
				GCC_C_LANGUAGE_STANDARD = gnu11;
				GCC_NO_COMMON_BLOCKS = YES;
				GCC_WARN_64_TO_32_BIT_CONVERSION = YES;
				GCC_WARN_ABOUT_RETURN_TYPE = YES_ERROR;
				GCC_WARN_UNDECLARED_SELECTOR = YES;
				GCC_WARN_UNINITIALIZED_AUTOS = YES_AGGRESSIVE;
				GCC_WARN_UNUSED_FUNCTION = YES;
				GCC_WARN_UNUSED_VARIABLE = YES;
				IPHONEOS_DEPLOYMENT_TARGET = 16.2;
				MTL_ENABLE_DEBUG_INFO = NO;
				MTL_FAST_MATH = YES;
				SDKROOT = iphoneos;
				SWIFT_COMPILATION_MODE = wholemodule;
				SWIFT_OPTIMIZATION_LEVEL = "-O";
				VALIDATE_PRODUCT = YES;
			};
			name = Release;
		};
		80740D7D29E74A52005435BB /* Debug */ = {
			isa = XCBuildConfiguration;
			buildSettings = {
				ASSETCATALOG_COMPILER_APPICON_NAME = AppIcon;
				ASSETCATALOG_COMPILER_GLOBAL_ACCENT_COLOR_NAME = AccentColor;
				CODE_SIGN_STYLE = Automatic;
				CURRENT_PROJECT_VERSION = 1;
				GENERATE_INFOPLIST_FILE = YES;
				INFOPLIST_FILE = "OMDB Search/Info.plist";
				INFOPLIST_KEY_UIApplicationSupportsIndirectInputEvents = YES;
				INFOPLIST_KEY_UILaunchStoryboardName = LaunchScreen;
				INFOPLIST_KEY_UIMainStoryboardFile = Main;
				INFOPLIST_KEY_UISupportedInterfaceOrientations_iPad = "UIInterfaceOrientationPortrait UIInterfaceOrientationPortraitUpsideDown UIInterfaceOrientationLandscapeLeft UIInterfaceOrientationLandscapeRight";
				INFOPLIST_KEY_UISupportedInterfaceOrientations_iPhone = "UIInterfaceOrientationPortrait UIInterfaceOrientationLandscapeLeft UIInterfaceOrientationLandscapeRight";
				LD_RUNPATH_SEARCH_PATHS = (
					"$(inherited)",
					"@executable_path/Frameworks",
				);
				MARKETING_VERSION = 1.0;
				PRODUCT_BUNDLE_IDENTIFIER = "daniel.OMDB-Search";
				PRODUCT_NAME = "$(TARGET_NAME)";
				SUPPORTED_PLATFORMS = "iphoneos iphonesimulator";
				SUPPORTS_MACCATALYST = NO;
				SUPPORTS_MAC_DESIGNED_FOR_IPHONE_IPAD = NO;
				SWIFT_EMIT_LOC_STRINGS = YES;
				SWIFT_VERSION = 5.0;
				TARGETED_DEVICE_FAMILY = 1;
			};
			name = Debug;
		};
		80740D7E29E74A52005435BB /* Release */ = {
			isa = XCBuildConfiguration;
			buildSettings = {
				ASSETCATALOG_COMPILER_APPICON_NAME = AppIcon;
				ASSETCATALOG_COMPILER_GLOBAL_ACCENT_COLOR_NAME = AccentColor;
				CODE_SIGN_STYLE = Automatic;
				CURRENT_PROJECT_VERSION = 1;
				GENERATE_INFOPLIST_FILE = YES;
				INFOPLIST_FILE = "OMDB Search/Info.plist";
				INFOPLIST_KEY_UIApplicationSupportsIndirectInputEvents = YES;
				INFOPLIST_KEY_UILaunchStoryboardName = LaunchScreen;
				INFOPLIST_KEY_UIMainStoryboardFile = Main;
				INFOPLIST_KEY_UISupportedInterfaceOrientations_iPad = "UIInterfaceOrientationPortrait UIInterfaceOrientationPortraitUpsideDown UIInterfaceOrientationLandscapeLeft UIInterfaceOrientationLandscapeRight";
				INFOPLIST_KEY_UISupportedInterfaceOrientations_iPhone = "UIInterfaceOrientationPortrait UIInterfaceOrientationLandscapeLeft UIInterfaceOrientationLandscapeRight";
				LD_RUNPATH_SEARCH_PATHS = (
					"$(inherited)",
					"@executable_path/Frameworks",
				);
				MARKETING_VERSION = 1.0;
				PRODUCT_BUNDLE_IDENTIFIER = "daniel.OMDB-Search";
				PRODUCT_NAME = "$(TARGET_NAME)";
				SUPPORTED_PLATFORMS = "iphoneos iphonesimulator";
				SUPPORTS_MACCATALYST = NO;
				SUPPORTS_MAC_DESIGNED_FOR_IPHONE_IPAD = NO;
				SWIFT_EMIT_LOC_STRINGS = YES;
				SWIFT_VERSION = 5.0;
				TARGETED_DEVICE_FAMILY = 1;
			};
			name = Release;
		};
/* End XCBuildConfiguration section */

/* Begin XCConfigurationList section */
		80740D6329E74A51005435BB /* Build configuration list for PBXProject "OMDB Search" */ = {
			isa = XCConfigurationList;
			buildConfigurations = (
				80740D7A29E74A52005435BB /* Debug */,
				80740D7B29E74A52005435BB /* Release */,
			);
			defaultConfigurationIsVisible = 0;
			defaultConfigurationName = Release;
		};
		80740D7C29E74A52005435BB /* Build configuration list for PBXNativeTarget "OMDB Search" */ = {
			isa = XCConfigurationList;
			buildConfigurations = (
				80740D7D29E74A52005435BB /* Debug */,
				80740D7E29E74A52005435BB /* Release */,
			);
			defaultConfigurationIsVisible = 0;
			defaultConfigurationName = Release;
		};
/* End XCConfigurationList section */
	};
	rootObject = 80740D6029E74A51005435BB /* Project object */;
}
